
Microsoft Visual Studio Solution File, Format Version 12.00
# Visual Studio Version 17
VisualStudioVersion = 17.2.32630.192
MinimumVisualStudioVersion = 10.0.40219.1
Project("{9A19103F-16F7-4668-BE54-9A1E7A4F7556}") = "R5T.L0085", "R5T.L0085\R5T.L0085.csproj", "{4B7BC747-3F1F-4AC6-83D4-132C294C7AA0}"
EndProject
Project("{2150E333-8FDC-42A3-9474-1A3956D46DE8}") = "_Dependencies", "_Dependencies", "{1EC568DC-EFBD-4534-8319-192F1CE4CBE7}"
EndProject
Project("{9A19103F-16F7-4668-BE54-9A1E7A4F7556}") = "R5T.T0142", "..\..\R5T.T0142\source\R5T.T0142\R5T.T0142.csproj", "{EF7B23FA-D16B-44FE-BEA1-E19276961DBA}"
EndProject
Project("{9A19103F-16F7-4668-BE54-9A1E7A4F7556}") = "R5T.T0143", "..\..\R5T.T0143\source\R5T.T0143\R5T.T0143.csproj", "{6B66129E-B3D6-4744-A274-829D68E67A13}"
EndProject
Project("{9A19103F-16F7-4668-BE54-9A1E7A4F7556}") = "R5T.T0132", "..\..\R5T.T0132\source\R5T.T0132\R5T.T0132.csproj", "{7EAC7711-97B8-46D2-ACA6-8356A2D6271C}"
EndProject
Project("{9A19103F-16F7-4668-BE54-9A1E7A4F7556}") = "R5T.T0131", "..\..\R5T.T0131\source\R5T.T0131\R5T.T0131.csproj", "{E4A4A120-D87A-4898-988B-95868490E2EF}"
EndProject
Project("{9A19103F-16F7-4668-BE54-9A1E7A4F7556}") = "R5T.T0241", "..\..\R5T.T0241\source\R5T.T0241\R5T.T0241.csproj", "{41B75B77-D42A-4FB0-8960-C55CCE42BBCF}"
EndProject
Global
	GlobalSection(NestedProjects) = preSolution
		{EF7B23FA-D16B-44FE-BEA1-E19276961DBA} = {1EC568DC-EFBD-4534-8319-192F1CE4CBE7}
		{6B66129E-B3D6-4744-A274-829D68E67A13} = {1EC568DC-EFBD-4534-8319-192F1CE4CBE7}
		{7EAC7711-97B8-46D2-ACA6-8356A2D6271C} = {1EC568DC-EFBD-4534-8319-192F1CE4CBE7}
		{E4A4A120-D87A-4898-988B-95868490E2EF} = {1EC568DC-EFBD-4534-8319-192F1CE4CBE7}
		{41B75B77-D42A-4FB0-8960-C55CCE42BBCF} = {1EC568DC-EFBD-4534-8319-192F1CE4CBE7}
	EndGlobalSection
	GlobalSection(SolutionConfigurationPlatforms) = preSolution
		Debug|Any CPU = Debug|Any CPU
		Release|Any CPU = Release|Any CPU
	EndGlobalSection
	GlobalSection(ProjectConfigurationPlatforms) = postSolution
		{4B7BC747-3F1F-4AC6-83D4-132C294C7AA0}.Debug|Any CPU.ActiveCfg = Debug|Any CPU
		{4B7BC747-3F1F-4AC6-83D4-132C294C7AA0}.Debug|Any CPU.Build.0 = Debug|Any CPU
		{4B7BC747-3F1F-4AC6-83D4-132C294C7AA0}.Release|Any CPU.ActiveCfg = Release|Any CPU
		{4B7BC747-3F1F-4AC6-83D4-132C294C7AA0}.Release|Any CPU.Build.0 = Release|Any CPU
		{EF7B23FA-D16B-44FE-BEA1-E19276961DBA}.Debug|Any CPU.ActiveCfg = Debug|Any CPU
		{EF7B23FA-D16B-44FE-BEA1-E19276961DBA}.Debug|Any CPU.Build.0 = Debug|Any CPU
		{EF7B23FA-D16B-44FE-BEA1-E19276961DBA}.Release|Any CPU.ActiveCfg = Release|Any CPU
		{EF7B23FA-D16B-44FE-BEA1-E19276961DBA}.Release|Any CPU.Build.0 = Release|Any CPU
		{6B66129E-B3D6-4744-A274-829D68E67A13}.Debug|Any CPU.ActiveCfg = Debug|Any CPU
		{6B66129E-B3D6-4744-A274-829D68E67A13}.Debug|Any CPU.Build.0 = Debug|Any CPU
		{6B66129E-B3D6-4744-A274-829D68E67A13}.Release|Any CPU.ActiveCfg = Release|Any CPU
		{6B66129E-B3D6-4744-A274-829D68E67A13}.Release|Any CPU.Build.0 = Release|Any CPU
		{7EAC7711-97B8-46D2-ACA6-8356A2D6271C}.Debug|Any CPU.ActiveCfg = Debug|Any CPU
		{7EAC7711-97B8-46D2-ACA6-8356A2D6271C}.Debug|Any CPU.Build.0 = Debug|Any CPU
		{7EAC7711-97B8-46D2-ACA6-8356A2D6271C}.Release|Any CPU.ActiveCfg = Release|Any CPU
		{7EAC7711-97B8-46D2-ACA6-8356A2D6271C}.Release|Any CPU.Build.0 = Release|Any CPU
		{E4A4A120-D87A-4898-988B-95868490E2EF}.Debug|Any CPU.ActiveCfg = Debug|Any CPU
		{E4A4A120-D87A-4898-988B-95868490E2EF}.Debug|Any CPU.Build.0 = Debug|Any CPU
		{E4A4A120-D87A-4898-988B-95868490E2EF}.Release|Any CPU.ActiveCfg = Release|Any CPU
		{E4A4A120-D87A-4898-988B-95868490E2EF}.Release|Any CPU.Build.0 = Release|Any CPU
		{41B75B77-D42A-4FB0-8960-C55CCE42BBCF}.Debug|Any CPU.ActiveCfg = Debug|Any CPU
		{41B75B77-D42A-4FB0-8960-C55CCE42BBCF}.Debug|Any CPU.Build.0 = Debug|Any CPU
		{41B75B77-D42A-4FB0-8960-C55CCE42BBCF}.Release|Any CPU.ActiveCfg = Release|Any CPU
		{41B75B77-D42A-4FB0-8960-C55CCE42BBCF}.Release|Any CPU.Build.0 = Release|Any CPU
	EndGlobalSection
	GlobalSection(SolutionProperties) = preSolution
		HideSolutionNode = FALSE
	EndGlobalSection
	GlobalSection(ExtensibilityGlobals) = postSolution
		SolutionGuid = {EA21E98A-D351-45F1-8B2F-4B28BD7BB100}
	EndGlobalSection
EndGlobal
